// !$*UTF8*$!
{
	archiveVersion = 1;
	classes = {
	};
	objectVersion = 56;
	objects = {

/* Begin PBXBuildFile section */
		AC0440AE2AA0F621007A5AF4 /* AppDelegate.swift in Sources */ = {isa = PBXBuildFile; fileRef = AC0440AD2AA0F621007A5AF4 /* AppDelegate.swift */; };
		AC0440B02AA0F621007A5AF4 /* SceneDelegate.swift in Sources */ = {isa = PBXBuildFile; fileRef = AC0440AF2AA0F621007A5AF4 /* SceneDelegate.swift */; };
		AC0440B22AA0F621007A5AF4 /* ViewController.swift in Sources */ = {isa = PBXBuildFile; fileRef = AC0440B12AA0F621007A5AF4 /* ViewController.swift */; };
		AC0440B52AA0F621007A5AF4 /* Main.storyboard in Resources */ = {isa = PBXBuildFile; fileRef = AC0440B32AA0F621007A5AF4 /* Main.storyboard */; };
		AC0440B72AA0F623007A5AF4 /* Assets.xcassets in Resources */ = {isa = PBXBuildFile; fileRef = AC0440B62AA0F623007A5AF4 /* Assets.xcassets */; };
		AC0440BA2AA0F623007A5AF4 /* LaunchScreen.storyboard in Resources */ = {isa = PBXBuildFile; fileRef = AC0440B82AA0F623007A5AF4 /* LaunchScreen.storyboard */; };
		AC0440C22AA0F832007A5AF4 /* Model.swift in Sources */ = {isa = PBXBuildFile; fileRef = AC0440C12AA0F832007A5AF4 /* Model.swift */; };
		AC0440C42AA0F926007A5AF4 /* WeatherAPI.swift in Sources */ = {isa = PBXBuildFile; fileRef = AC0440C32AA0F926007A5AF4 /* WeatherAPI.swift */; };
		AC0440C62AA0FAA3007A5AF4 /* TempViewModel.swift in Sources */ = {isa = PBXBuildFile; fileRef = AC0440C52AA0FAA3007A5AF4 /* TempViewModel.swift */; };
		AC0440C82AA0FFC0007A5AF4 /* UITextFieldExtension.swift in Sources */ = {isa = PBXBuildFile; fileRef = AC0440C72AA0FFC0007A5AF4 /* UITextFieldExtension.swift */; };
/* End PBXBuildFile section */

/* Begin PBXFileReference section */
		AC0440AA2AA0F621007A5AF4 /* AstonWeatherApp.app */ = {isa = PBXFileReference; explicitFileType = wrapper.application; includeInIndex = 0; path = AstonWeatherApp.app; sourceTree = BUILT_PRODUCTS_DIR; };
		AC0440AD2AA0F621007A5AF4 /* AppDelegate.swift */ = {isa = PBXFileReference; lastKnownFileType = sourcecode.swift; path = AppDelegate.swift; sourceTree = "<group>"; };
		AC0440AF2AA0F621007A5AF4 /* SceneDelegate.swift */ = {isa = PBXFileReference; lastKnownFileType = sourcecode.swift; path = SceneDelegate.swift; sourceTree = "<group>"; };
		AC0440B12AA0F621007A5AF4 /* ViewController.swift */ = {isa = PBXFileReference; lastKnownFileType = sourcecode.swift; path = ViewController.swift; sourceTree = "<group>"; };
		AC0440B42AA0F621007A5AF4 /* Base */ = {isa = PBXFileReference; lastKnownFileType = file.storyboard; name = Base; path = Base.lproj/Main.storyboard; sourceTree = "<group>"; };
		AC0440B62AA0F623007A5AF4 /* Assets.xcassets */ = {isa = PBXFileReference; lastKnownFileType = folder.assetcatalog; path = Assets.xcassets; sourceTree = "<group>"; };
		AC0440B92AA0F623007A5AF4 /* Base */ = {isa = PBXFileReference; lastKnownFileType = file.storyboard; name = Base; path = Base.lproj/LaunchScreen.storyboard; sourceTree = "<group>"; };
		AC0440BB2AA0F623007A5AF4 /* Info.plist */ = {isa = PBXFileReference; lastKnownFileType = text.plist.xml; path = Info.plist; sourceTree = "<group>"; };
		AC0440C12AA0F832007A5AF4 /* Model.swift */ = {isa = PBXFileReference; lastKnownFileType = sourcecode.swift; path = Model.swift; sourceTree = "<group>"; };
		AC0440C32AA0F926007A5AF4 /* WeatherAPI.swift */ = {isa = PBXFileReference; lastKnownFileType = sourcecode.swift; path = WeatherAPI.swift; sourceTree = "<group>"; };
		AC0440C52AA0FAA3007A5AF4 /* TempViewModel.swift */ = {isa = PBXFileReference; lastKnownFileType = sourcecode.swift; path = TempViewModel.swift; sourceTree = "<group>"; };
		AC0440C72AA0FFC0007A5AF4 /* UITextFieldExtension.swift */ = {isa = PBXFileReference; lastKnownFileType = sourcecode.swift; path = UITextFieldExtension.swift; sourceTree = "<group>"; };
/* End PBXFileReference section */

/* Begin PBXFrameworksBuildPhase section */
		AC0440A72AA0F621007A5AF4 /* Frameworks */ = {
			isa = PBXFrameworksBuildPhase;
			buildActionMask = 2147483647;
			files = (
			);
			runOnlyForDeploymentPostprocessing = 0;
		};
/* End PBXFrameworksBuildPhase section */

/* Begin PBXGroup section */
		AC0440A12AA0F621007A5AF4 = {
			isa = PBXGroup;
			children = (
				AC0440AC2AA0F621007A5AF4 /* AstonWeatherApp */,
				AC0440AB2AA0F621007A5AF4 /* Products */,
			);
			sourceTree = "<group>";
		};
		AC0440AB2AA0F621007A5AF4 /* Products */ = {
			isa = PBXGroup;
			children = (
				AC0440AA2AA0F621007A5AF4 /* AstonWeatherApp.app */,
			);
			name = Products;
			sourceTree = "<group>";
		};
		AC0440AC2AA0F621007A5AF4 /* AstonWeatherApp */ = {
			isa = PBXGroup;
			children = (
				AC0440AD2AA0F621007A5AF4 /* AppDelegate.swift */,
				AC0440AF2AA0F621007A5AF4 /* SceneDelegate.swift */,
				AC0440C12AA0F832007A5AF4 /* Model.swift */,
				AC0440C52AA0FAA3007A5AF4 /* TempViewModel.swift */,
				AC0440C32AA0F926007A5AF4 /* WeatherAPI.swift */,
				AC0440B12AA0F621007A5AF4 /* ViewController.swift */,
				AC0440C72AA0FFC0007A5AF4 /* UITextFieldExtension.swift */,
				AC0440B32AA0F621007A5AF4 /* Main.storyboard */,
				AC0440B62AA0F623007A5AF4 /* Assets.xcassets */,
				AC0440B82AA0F623007A5AF4 /* LaunchScreen.storyboard */,
				AC0440BB2AA0F623007A5AF4 /* Info.plist */,
			);
			path = AstonWeatherApp;
			sourceTree = "<group>";
		};
/* End PBXGroup section */

/* Begin PBXNativeTarget section */
		AC0440A92AA0F621007A5AF4 /* AstonWeatherApp */ = {
			isa = PBXNativeTarget;
			buildConfigurationList = AC0440BE2AA0F623007A5AF4 /* Build configuration list for PBXNativeTarget "AstonWeatherApp" */;
			buildPhases = (
				AC0440A62AA0F621007A5AF4 /* Sources */,
				AC0440A72AA0F621007A5AF4 /* Frameworks */,
				AC0440A82AA0F621007A5AF4 /* Resources */,
			);
			buildRules = (
			);
			dependencies = (
			);
			name = AstonWeatherApp;
			productName = AstonWeatherApp;
			productReference = AC0440AA2AA0F621007A5AF4 /* AstonWeatherApp.app */;
			productType = "com.apple.product-type.application";
		};
/* End PBXNativeTarget section */

/* Begin PBXProject section */
		AC0440A22AA0F621007A5AF4 /* Project object */ = {
			isa = PBXProject;
			attributes = {
				BuildIndependentTargetsInParallel = 1;
				LastSwiftUpdateCheck = 1430;
				LastUpgradeCheck = 1430;
				TargetAttributes = {
					AC0440A92AA0F621007A5AF4 = {
						CreatedOnToolsVersion = 14.3.1;
					};
				};
			};
			buildConfigurationList = AC0440A52AA0F621007A5AF4 /* Build configuration list for PBXProject "AstonWeatherApp" */;
			compatibilityVersion = "Xcode 14.0";
			developmentRegion = en;
			hasScannedForEncodings = 0;
			knownRegions = (
				en,
				Base,
			);
			mainGroup = AC0440A12AA0F621007A5AF4;
			productRefGroup = AC0440AB2AA0F621007A5AF4 /* Products */;
			projectDirPath = "";
			projectRoot = "";
			targets = (
				AC0440A92AA0F621007A5AF4 /* AstonWeatherApp */,
			);
		};
/* End PBXProject section */

/* Begin PBXResourcesBuildPhase section */
		AC0440A82AA0F621007A5AF4 /* Resources */ = {
			isa = PBXResourcesBuildPhase;
			buildActionMask = 2147483647;
			files = (
				AC0440BA2AA0F623007A5AF4 /* LaunchScreen.storyboard in Resources */,
				AC0440B72AA0F623007A5AF4 /* Assets.xcassets in Resources */,
				AC0440B52AA0F621007A5AF4 /* Main.storyboard in Resources */,
			);
			runOnlyForDeploymentPostprocessing = 0;
		};
/* End PBXResourcesBuildPhase section */

/* Begin PBXSourcesBuildPhase section */
		AC0440A62AA0F621007A5AF4 /* Sources */ = {
			isa = PBXSourcesBuildPhase;
			buildActionMask = 2147483647;
			files = (
				AC0440B22AA0F621007A5AF4 /* ViewController.swift in Sources */,
				AC0440AE2AA0F621007A5AF4 /* AppDelegate.swift in Sources */,
				AC0440C82AA0FFC0007A5AF4 /* UITextFieldExtension.swift in Sources */,
				AC0440C42AA0F926007A5AF4 /* WeatherAPI.swift in Sources */,
				AC0440B02AA0F621007A5AF4 /* SceneDelegate.swift in Sources */,
				AC0440C62AA0FAA3007A5AF4 /* TempViewModel.swift in Sources */,
				AC0440C22AA0F832007A5AF4 /* Model.swift in Sources */,
			);
			runOnlyForDeploymentPostprocessing = 0;
		};
/* End PBXSourcesBuildPhase section */

/* Begin PBXVariantGroup section */
		AC0440B32AA0F621007A5AF4 /* Main.storyboard */ = {
			isa = PBXVariantGroup;
			children = (
				AC0440B42AA0F621007A5AF4 /* Base */,
			);
			name = Main.storyboard;
			sourceTree = "<group>";
		};
		AC0440B82AA0F623007A5AF4 /* LaunchScreen.storyboard */ = {
			isa = PBXVariantGroup;
			children = (
				AC0440B92AA0F623007A5AF4 /* Base */,
			);
			name = LaunchScreen.storyboard;
			sourceTree = "<group>";
		};
/* End PBXVariantGroup section */

/* Begin XCBuildConfiguration section */
		AC0440BC2AA0F623007A5AF4 /* Debug */ = {
			isa = XCBuildConfiguration;
			buildSettings = {
				ALWAYS_SEARCH_USER_PATHS = NO;
				CLANG_ANALYZER_NONNULL = YES;
				CLANG_ANALYZER_NUMBER_OBJECT_CONVERSION = YES_AGGRESSIVE;
				CLANG_CXX_LANGUAGE_STANDARD = "gnu++20";
				CLANG_ENABLE_MODULES = YES;
				CLANG_ENABLE_OBJC_ARC = YES;
				CLANG_ENABLE_OBJC_WEAK = YES;
				CLANG_WARN_BLOCK_CAPTURE_AUTORELEASING = YES;
				CLANG_WARN_BOOL_CONVERSION = YES;
				CLANG_WARN_COMMA = YES;
				CLANG_WARN_CONSTANT_CONVERSION = YES;
				CLANG_WARN_DEPRECATED_OBJC_IMPLEMENTATIONS = YES;
				CLANG_WARN_DIRECT_OBJC_ISA_USAGE = YES_ERROR;
				CLANG_WARN_DOCUMENTATION_COMMENTS = YES;
				CLANG_WARN_EMPTY_BODY = YES;
				CLANG_WARN_ENUM_CONVERSION = YES;
				CLANG_WARN_INFINITE_RECURSION = YES;
				CLANG_WARN_INT_CONVERSION = YES;
				CLANG_WARN_NON_LITERAL_NULL_CONVERSION = YES;
				CLANG_WARN_OBJC_IMPLICIT_RETAIN_SELF = YES;
				CLANG_WARN_OBJC_LITERAL_CONVERSION = YES;
				CLANG_WARN_OBJC_ROOT_CLASS = YES_ERROR;
				CLANG_WARN_QUOTED_INCLUDE_IN_FRAMEWORK_HEADER = YES;
				CLANG_WARN_RANGE_LOOP_ANALYSIS = YES;
				CLANG_WARN_STRICT_PROTOTYPES = YES;
				CLANG_WARN_SUSPICIOUS_MOVE = YES;
				CLANG_WARN_UNGUARDED_AVAILABILITY = YES_AGGRESSIVE;
				CLANG_WARN_UNREACHABLE_CODE = YES;
				CLANG_WARN__DUPLICATE_METHOD_MATCH = YES;
				COPY_PHASE_STRIP = NO;
				DEBUG_INFORMATION_FORMAT = dwarf;
				ENABLE_STRICT_OBJC_MSGSEND = YES;
				ENABLE_TESTABILITY = YES;
				GCC_C_LANGUAGE_STANDARD = gnu11;
				GCC_DYNAMIC_NO_PIC = NO;
				GCC_NO_COMMON_BLOCKS = YES;
				GCC_OPTIMIZATION_LEVEL = 0;
				GCC_PREPROCESSOR_DEFINITIONS = (
					"DEBUG=1",
					"$(inherited)",
				);
				GCC_WARN_64_TO_32_BIT_CONVERSION = YES;
				GCC_WARN_ABOUT_RETURN_TYPE = YES_ERROR;
				GCC_WARN_UNDECLARED_SELECTOR = YES;
				GCC_WARN_UNINITIALIZED_AUTOS = YES_AGGRESSIVE;
				GCC_WARN_UNUSED_FUNCTION = YES;
				GCC_WARN_UNUSED_VARIABLE = YES;
				IPHONEOS_DEPLOYMENT_TARGET = 16.4;
				MTL_ENABLE_DEBUG_INFO = INCLUDE_SOURCE;
				MTL_FAST_MATH = YES;
				ONLY_ACTIVE_ARCH = YES;
				SDKROOT = iphoneos;
				SWIFT_ACTIVE_COMPILATION_CONDITIONS = DEBUG;
				SWIFT_OPTIMIZATION_LEVEL = "-Onone";
			};
			name = Debug;
		};
		AC0440BD2AA0F623007A5AF4 /* Release */ = {
			isa = XCBuildConfiguration;
			buildSettings = {
				ALWAYS_SEARCH_USER_PATHS = NO;
				CLANG_ANALYZER_NONNULL = YES;
				CLANG_ANALYZER_NUMBER_OBJECT_CONVERSION = YES_AGGRESSIVE;
				CLANG_CXX_LANGUAGE_STANDARD = "gnu++20";
				CLANG_ENABLE_MODULES = YES;
				CLANG_ENABLE_OBJC_ARC = YES;
				CLANG_ENABLE_OBJC_WEAK = YES;
				CLANG_WARN_BLOCK_CAPTURE_AUTORELEASING = YES;
				CLANG_WARN_BOOL_CONVERSION = YES;
				CLANG_WARN_COMMA = YES;
				CLANG_WARN_CONSTANT_CONVERSION = YES;
				CLANG_WARN_DEPRECATED_OBJC_IMPLEMENTATIONS = YES;
				CLANG_WARN_DIRECT_OBJC_ISA_USAGE = YES_ERROR;
				CLANG_WARN_DOCUMENTATION_COMMENTS = YES;
				CLANG_WARN_EMPTY_BODY = YES;
				CLANG_WARN_ENUM_CONVERSION = YES;
				CLANG_WARN_INFINITE_RECURSION = YES;
				CLANG_WARN_INT_CONVERSION = YES;
				CLANG_WARN_NON_LITERAL_NULL_CONVERSION = YES;
				CLANG_WARN_OBJC_IMPLICIT_RETAIN_SELF = YES;
				CLANG_WARN_OBJC_LITERAL_CONVERSION = YES;
				CLANG_WARN_OBJC_ROOT_CLASS = YES_ERROR;
				CLANG_WARN_QUOTED_INCLUDE_IN_FRAMEWORK_HEADER = YES;
				CLANG_WARN_RANGE_LOOP_ANALYSIS = YES;
				CLANG_WARN_STRICT_PROTOTYPES = YES;
				CLANG_WARN_SUSPICIOUS_MOVE = YES;
				CLANG_WARN_UNGUARDED_AVAILABILITY = YES_AGGRESSIVE;
				CLANG_WARN_UNREACHABLE_CODE = YES;
				CLANG_WARN__DUPLICATE_METHOD_MATCH = YES;
				COPY_PHASE_STRIP = NO;
				DEBUG_INFORMATION_FORMAT = "dwarf-with-dsym";
				ENABLE_NS_ASSERTIONS = NO;
				ENABLE_STRICT_OBJC_MSGSEND = YES;
				GCC_C_LANGUAGE_STANDARD = gnu11;
				GCC_NO_COMMON_BLOCKS = YES;
				GCC_WARN_64_TO_32_BIT_CONVERSION = YES;
				GCC_WARN_ABOUT_RETURN_TYPE = YES_ERROR;
				GCC_WARN_UNDECLARED_SELECTOR = YES;
				GCC_WARN_UNINITIALIZED_AUTOS = YES_AGGRESSIVE;
				GCC_WARN_UNUSED_FUNCTION = YES;
				GCC_WARN_UNUSED_VARIABLE = YES;
				IPHONEOS_DEPLOYMENT_TARGET = 16.4;
				MTL_ENABLE_DEBUG_INFO = NO;
				MTL_FAST_MATH = YES;
				SDKROOT = iphoneos;
				SWIFT_COMPILATION_MODE = wholemodule;
				SWIFT_OPTIMIZATION_LEVEL = "-O";
				VALIDATE_PRODUCT = YES;
			};
			name = Release;
		};
		AC0440BF2AA0F623007A5AF4 /* Debug */ = {
			isa = XCBuildConfiguration;
			buildSettings = {
				ASSETCATALOG_COMPILER_APPICON_NAME = AppIcon;
				ASSETCATALOG_COMPILER_GLOBAL_ACCENT_COLOR_NAME = AccentColor;
				CODE_SIGN_STYLE = Automatic;
				CURRENT_PROJECT_VERSION = 1;
				DEVELOPMENT_TEAM = 7A9RB7PS5X;
				GENERATE_INFOPLIST_FILE = YES;
				INFOPLIST_FILE = AstonWeatherApp/Info.plist;
				INFOPLIST_KEY_UIApplicationSupportsIndirectInputEvents = YES;
				INFOPLIST_KEY_UILaunchStoryboardName = LaunchScreen;
				INFOPLIST_KEY_UIMainStoryboardFile = Main;
				INFOPLIST_KEY_UISupportedInterfaceOrientations_iPad = "UIInterfaceOrientationPortrait UIInterfaceOrientationPortraitUpsideDown UIInterfaceOrientationLandscapeLeft UIInterfaceOrientationLandscapeRight";
				INFOPLIST_KEY_UISupportedInterfaceOrientations_iPhone = "UIInterfaceOrientationPortrait UIInterfaceOrientationLandscapeLeft UIInterfaceOrientationLandscapeRight";
				LD_RUNPATH_SEARCH_PATHS = (
					"$(inherited)",
					"@executable_path/Frameworks",
				);
				MARKETING_VERSION = 1.0;
				PRODUCT_BUNDLE_IDENTIFIER = artem.tkachev.AstonWeatherApp;
				PRODUCT_NAME = "$(TARGET_NAME)";
				SWIFT_EMIT_LOC_STRINGS = YES;
				SWIFT_VERSION = 5.0;
				TARGETED_DEVICE_FAMILY = "1,2";
			};
			name = Debug;
		};
		AC0440C02AA0F623007A5AF4 /* Release */ = {
			isa = XCBuildConfiguration;
			buildSettings = {
				ASSETCATALOG_COMPILER_APPICON_NAME = AppIcon;
				ASSETCATALOG_COMPILER_GLOBAL_ACCENT_COLOR_NAME = AccentColor;
				CODE_SIGN_STYLE = Automatic;
				CURRENT_PROJECT_VERSION = 1;
				DEVELOPMENT_TEAM = 7A9RB7PS5X;
				GENERATE_INFOPLIST_FILE = YES;
				INFOPLIST_FILE = AstonWeatherApp/Info.plist;
				INFOPLIST_KEY_UIApplicationSupportsIndirectInputEvents = YES;
				INFOPLIST_KEY_UILaunchStoryboardName = LaunchScreen;
				INFOPLIST_KEY_UIMainStoryboardFile = Main;
				INFOPLIST_KEY_UISupportedInterfaceOrientations_iPad = "UIInterfaceOrientationPortrait UIInterfaceOrientationPortraitUpsideDown UIInterfaceOrientationLandscapeLeft UIInterfaceOrientationLandscapeRight";
				INFOPLIST_KEY_UISupportedInterfaceOrientations_iPhone = "UIInterfaceOrientationPortrait UIInterfaceOrientationLandscapeLeft UIInterfaceOrientationLandscapeRight";
				LD_RUNPATH_SEARCH_PATHS = (
					"$(inherited)",
					"@executable_path/Frameworks",
				);
				MARKETING_VERSION = 1.0;
				PRODUCT_BUNDLE_IDENTIFIER = artem.tkachev.AstonWeatherApp;
				PRODUCT_NAME = "$(TARGET_NAME)";
				SWIFT_EMIT_LOC_STRINGS = YES;
				SWIFT_VERSION = 5.0;
				TARGETED_DEVICE_FAMILY = "1,2";
			};
			name = Release;
		};
/* End XCBuildConfiguration section */

/* Begin XCConfigurationList section */
		AC0440A52AA0F621007A5AF4 /* Build configuration list for PBXProject "AstonWeatherApp" */ = {
			isa = XCConfigurationList;
			buildConfigurations = (
				AC0440BC2AA0F623007A5AF4 /* Debug */,
				AC0440BD2AA0F623007A5AF4 /* Release */,
			);
			defaultConfigurationIsVisible = 0;
			defaultConfigurationName = Release;
		};
		AC0440BE2AA0F623007A5AF4 /* Build configuration list for PBXNativeTarget "AstonWeatherApp" */ = {
			isa = XCConfigurationList;
			buildConfigurations = (
				AC0440BF2AA0F623007A5AF4 /* Debug */,
				AC0440C02AA0F623007A5AF4 /* Release */,
			);
			defaultConfigurationIsVisible = 0;
			defaultConfigurationName = Release;
		};
/* End XCConfigurationList section */
	};
	rootObject = AC0440A22AA0F621007A5AF4 /* Project object */;
}
